
Microsoft Visual Studio Solution File, Format Version 12.00
# Visual Studio 14
VisualStudioVersion = 14.0.23107.0
MinimumVisualStudioVersion = 10.0.40219.1
Project("{FAE04EC0-301F-11D3-BF4B-00C04F79EFBC}") = "ElevenNote.Web", "ElevenNote.Web\ElevenNote.Web.csproj", "{CE122C48-30AE-47D6-8180-B0178A9BC7A2}"
EndProject
Project("{FAE04EC0-301F-11D3-BF4B-00C04F79EFBC}") = "ElevenNote.Models", "ElevenNote.Models\ElevenNote.Models.csproj", "{837B6B83-247F-4C2A-AA22-AC7FBAED4D38}"
EndProject
Project("{FAE04EC0-301F-11D3-BF4B-00C04F79EFBC}") = "DataAccess", "DataAccess\DataAccess.csproj", "{9BB34047-EDDC-4792-9A67-4DC5F26C8692}"
EndProject
Project("{FAE04EC0-301F-11D3-BF4B-00C04F79EFBC}") = "ElevenNote.Services", "ElevenNote.Services\ElevenNote.Services.csproj", "{19EF4372-A73F-4CCD-88E9-E8D962C63299}"
EndProject
Project("{FAE04EC0-301F-11D3-BF4B-00C04F79EFBC}") = "ElevenNote.Api", "ElevenNote.Api\ElevenNote.Api.csproj", "{D38B9828-E926-424A-88C8-B0A13EDE7B31}"
EndProject
Global
	GlobalSection(SolutionConfigurationPlatforms) = preSolution
		Debug|Any CPU = Debug|Any CPU
		Release|Any CPU = Release|Any CPU
	EndGlobalSection
	GlobalSection(ProjectConfigurationPlatforms) = postSolution
		{CE122C48-30AE-47D6-8180-B0178A9BC7A2}.Debug|Any CPU.ActiveCfg = Debug|Any CPU
		{CE122C48-30AE-47D6-8180-B0178A9BC7A2}.Debug|Any CPU.Build.0 = Debug|Any CPU
		{CE122C48-30AE-47D6-8180-B0178A9BC7A2}.Release|Any CPU.ActiveCfg = Release|Any CPU
		{CE122C48-30AE-47D6-8180-B0178A9BC7A2}.Release|Any CPU.Build.0 = Release|Any CPU
		{837B6B83-247F-4C2A-AA22-AC7FBAED4D38}.Debug|Any CPU.ActiveCfg = Debug|Any CPU
		{837B6B83-247F-4C2A-AA22-AC7FBAED4D38}.Debug|Any CPU.Build.0 = Debug|Any CPU
		{837B6B83-247F-4C2A-AA22-AC7FBAED4D38}.Release|Any CPU.ActiveCfg = Release|Any CPU
		{837B6B83-247F-4C2A-AA22-AC7FBAED4D38}.Release|Any CPU.Build.0 = Release|Any CPU
		{9BB34047-EDDC-4792-9A67-4DC5F26C8692}.Debug|Any CPU.ActiveCfg = Debug|Any CPU
		{9BB34047-EDDC-4792-9A67-4DC5F26C8692}.Debug|Any CPU.Build.0 = Debug|Any CPU
		{9BB34047-EDDC-4792-9A67-4DC5F26C8692}.Release|Any CPU.ActiveCfg = Release|Any CPU
		{9BB34047-EDDC-4792-9A67-4DC5F26C8692}.Release|Any CPU.Build.0 = Release|Any CPU
		{19EF4372-A73F-4CCD-88E9-E8D962C63299}.Debug|Any CPU.ActiveCfg = Debug|Any CPU
		{19EF4372-A73F-4CCD-88E9-E8D962C63299}.Debug|Any CPU.Build.0 = Debug|Any CPU
		{19EF4372-A73F-4CCD-88E9-E8D962C63299}.Release|Any CPU.ActiveCfg = Release|Any CPU
		{19EF4372-A73F-4CCD-88E9-E8D962C63299}.Release|Any CPU.Build.0 = Release|Any CPU
		{D38B9828-E926-424A-88C8-B0A13EDE7B31}.Debug|Any CPU.ActiveCfg = Debug|Any CPU
		{D38B9828-E926-424A-88C8-B0A13EDE7B31}.Debug|Any CPU.Build.0 = Debug|Any CPU
		{D38B9828-E926-424A-88C8-B0A13EDE7B31}.Release|Any CPU.ActiveCfg = Release|Any CPU
		{D38B9828-E926-424A-88C8-B0A13EDE7B31}.Release|Any CPU.Build.0 = Release|Any CPU
	EndGlobalSection
	GlobalSection(SolutionProperties) = preSolution
		HideSolutionNode = FALSE
	EndGlobalSection
EndGlobal
